{
  "name": "example-story",
  "version": "1.0.0",
  "lockfileVersion": 3,
  "requires": true,
  "packages": {
    "": {
      "name": "example-story",
      "version": "1.0.0",
      "dependencies": {
        "storytailor": "^0.0.33"
      },
      "devDependencies": {
        "@types/node": "^20.10.0",
        "typescript": "^5.3.2"
      }
    },
    "node_modules/@types/node": {
      "version": "20.10.0",
      "resolved": "https://registry.npmjs.org/@types/node/-/node-20.10.0.tgz",
      "integrity": "sha512-D0WfRmU9TQ8I9PFx9Yc+EBHw+vSpIub4IDvQivcp26PtPrdMGAq5SDcpXEo/epqa/DXotVpekHiLNTg3iaKXBQ==",
      "dev": true,
      "dependencies": {
        "undici-types": "~5.26.4"
      }
    },
    "node_modules/source-map": {
      "version": "0.7.4",
      "resolved": "https://registry.npmjs.org/source-map/-/source-map-0.7.4.tgz",
      "integrity": "sha512-l3BikUxvPOcn5E74dZiq5BGsTb5yEwhaTSzccU6t4sDOH8NWJCstKO5QT2CvtFoK6F0saL7p9xHAqHOlCPJygA==",
      "engines": {
        "node": ">= 8"
      }
    },
    "node_modules/storytailor": {
      "version": "0.0.33",
      "resolved": "https://registry.npmjs.org/storytailor/-/storytailor-0.0.33.tgz",
      "integrity": "sha512-M67vz1RY0CMrGtGw50h02sb8+mjzuhfsYfWuIBCj70NADJeM0fRLbHhPE7SG2dEclKk1HseFA8jznMtmKo2Pkg==",
      "dependencies": {
        "source-map": "^0.7.3"
      },
      "bin": {
        "stsc": "bin/stsc",
        "stsp": "bin/stsp"
      }
    },
    "node_modules/typescript": {
      "version": "5.3.2",
      "resolved": "https://registry.npmjs.org/typescript/-/typescript-5.3.2.tgz",
      "integrity": "sha512-6l+RyNy7oAHDfxC4FzSJcz9vnjTKxrLpDG5M2Vu4SHRVNg6xzqZp6LYSR9zjqQTu8DU/f5xwxUdADOkbrIX2gQ==",
      "dev": true,
      "bin": {
        "tsc": "bin/tsc",
        "tsserver": "bin/tsserver"
      },
      "engines": {
        "node": ">=14.17"
      }
    },
    "node_modules/undici-types": {
      "version": "5.26.5",
      "resolved": "https://registry.npmjs.org/undici-types/-/undici-types-5.26.5.tgz",
      "integrity": "sha512-JlCMO+ehdEIKqlFxk6IfVoAUVmgz7cU7zD/h9XZ0qzeosSHmUJVOzSQvvYSYWXkFXC+IfLKSIffhv0sVZup6pA==",
      "dev": true
    }
  }
}
